// !$*UTF8*$!
{
	archiveVersion = 1;
	classes = {
	};
	objectVersion = 50;
	objects = {

/* Begin PBXBuildFile section */
		0F0DEB06228555E500EF047D /* MenuDlgViewController.swift in Sources */ = {isa = PBXBuildFile; fileRef = 0F0DEB05228555E500EF047D /* MenuDlgViewController.swift */; };
		0F107A5522836BF0000B4024 /* GateTableViewCell.swift in Sources */ = {isa = PBXBuildFile; fileRef = 0F107A5422836BF0000B4024 /* GateTableViewCell.swift */; };
		0F107A5722838228000B4024 /* NameDlgViewController.swift in Sources */ = {isa = PBXBuildFile; fileRef = 0F107A5622838228000B4024 /* NameDlgViewController.swift */; };
		0F2AE7602281F17700EBD4D7 /* AppDelegate.swift in Sources */ = {isa = PBXBuildFile; fileRef = 0F2AE75F2281F17700EBD4D7 /* AppDelegate.swift */; };
		0F2AE7622281F17700EBD4D7 /* MainViewController.swift in Sources */ = {isa = PBXBuildFile; fileRef = 0F2AE7612281F17700EBD4D7 /* MainViewController.swift */; };
		0F2AE7652281F17700EBD4D7 /* Main.storyboard in Resources */ = {isa = PBXBuildFile; fileRef = 0F2AE7632281F17700EBD4D7 /* Main.storyboard */; };
		0F2AE7672281F17900EBD4D7 /* Assets.xcassets in Resources */ = {isa = PBXBuildFile; fileRef = 0F2AE7662281F17900EBD4D7 /* Assets.xcassets */; };
		0F2AE76A2281F17900EBD4D7 /* LaunchScreen.storyboard in Resources */ = {isa = PBXBuildFile; fileRef = 0F2AE7682281F17900EBD4D7 /* LaunchScreen.storyboard */; };
		0F2AE7752281F17900EBD4D7 /* IntercomClientOpenDoorTests.swift in Sources */ = {isa = PBXBuildFile; fileRef = 0F2AE7742281F17900EBD4D7 /* IntercomClientOpenDoorTests.swift */; };
		0F2AE7802281F17900EBD4D7 /* IntercomClientOpenDoorUITests.swift in Sources */ = {isa = PBXBuildFile; fileRef = 0F2AE77F2281F17900EBD4D7 /* IntercomClientOpenDoorUITests.swift */; };
		0F2AE790228204C300EBD4D7 /* Localizable.strings in Resources */ = {isa = PBXBuildFile; fileRef = 0F2AE792228204C300EBD4D7 /* Localizable.strings */; };
		0F2AE7952282119C00EBD4D7 /* DeviceListViewController.swift in Sources */ = {isa = PBXBuildFile; fileRef = 0F2AE7942282119C00EBD4D7 /* DeviceListViewController.swift */; };
		0F2AE79822822CD200EBD4D7 /* PeripheralTableViewCell.swift in Sources */ = {isa = PBXBuildFile; fileRef = 0F2AE79722822CD200EBD4D7 /* PeripheralTableViewCell.swift */; };
		0F43278422845B0C007C7B65 /* PasswordDlgViewController.swift in Sources */ = {isa = PBXBuildFile; fileRef = 0F43278322845B0C007C7B65 /* PasswordDlgViewController.swift */; };
		0F43278622845FEC007C7B65 /* PasswordInitViewController.swift in Sources */ = {isa = PBXBuildFile; fileRef = 0F43278522845FEC007C7B65 /* PasswordInitViewController.swift */; };
		0F43278922846622007C7B65 /* AlertHelper.swift in Sources */ = {isa = PBXBuildFile; fileRef = 0F43278822846622007C7B65 /* AlertHelper.swift */; };
		0F43278D2284928D007C7B65 /* RingPlayer.swift in Sources */ = {isa = PBXBuildFile; fileRef = 0F43278C2284928D007C7B65 /* RingPlayer.swift */; };
		0F43279822849A04007C7B65 /* door_open_ru.m4a in Resources */ = {isa = PBXBuildFile; fileRef = 0F43279222849A03007C7B65 /* door_open_ru.m4a */; };
		0F43279922849A04007C7B65 /* door_open_en.mp3 in Resources */ = {isa = PBXBuildFile; fileRef = 0F43279322849A04007C7B65 /* door_open_en.mp3 */; };
		0F43279A22849A04007C7B65 /* wrong_code.mp3 in Resources */ = {isa = PBXBuildFile; fileRef = 0F43279422849A04007C7B65 /* wrong_code.mp3 */; };
		0F43279B22849A04007C7B65 /* door_open_heb.mp3 in Resources */ = {isa = PBXBuildFile; fileRef = 0F43279522849A04007C7B65 /* door_open_heb.mp3 */; };
		0F43279C22849A04007C7B65 /* door_open.mp3 in Resources */ = {isa = PBXBuildFile; fileRef = 0F43279622849A04007C7B65 /* door_open.mp3 */; };
		0F43279D22849A04007C7B65 /* ring.mp3 in Resources */ = {isa = PBXBuildFile; fileRef = 0F43279722849A04007C7B65 /* ring.mp3 */; };
		0F70A4002282C2960045F897 /* Gate.swift in Sources */ = {isa = PBXBuildFile; fileRef = 0F70A3FF2282C2960045F897 /* Gate.swift */; };
		0F70A4032282CFF70045F897 /* LocalData.swift in Sources */ = {isa = PBXBuildFile; fileRef = 0F70A4022282CFF70045F897 /* LocalData.swift */; };
		2EA09D37FB6A5EC707B017D8 /* Pods_IntercomClientOpenDoor.framework in Frameworks */ = {isa = PBXBuildFile; fileRef = BA103717D64AA7F37A327855 /* Pods_IntercomClientOpenDoor.framework */; };
/* End PBXBuildFile section */

/* Begin PBXContainerItemProxy section */
		0F2AE7712281F17900EBD4D7 /* PBXContainerItemProxy */ = {
			isa = PBXContainerItemProxy;
			containerPortal = 0F2AE7542281F17600EBD4D7 /* Project object */;
			proxyType = 1;
			remoteGlobalIDString = 0F2AE75B2281F17700EBD4D7;
			remoteInfo = IntercomClientOpenDoor;
		};
		0F2AE77C2281F17900EBD4D7 /* PBXContainerItemProxy */ = {
			isa = PBXContainerItemProxy;
			containerPortal = 0F2AE7542281F17600EBD4D7 /* Project object */;
			proxyType = 1;
			remoteGlobalIDString = 0F2AE75B2281F17700EBD4D7;
			remoteInfo = IntercomClientOpenDoor;
		};
/* End PBXContainerItemProxy section */

/* Begin PBXFileReference section */
		0F0DEB05228555E500EF047D /* MenuDlgViewController.swift */ = {isa = PBXFileReference; lastKnownFileType = sourcecode.swift; path = MenuDlgViewController.swift; sourceTree = "<group>"; };
		0F107A5422836BF0000B4024 /* GateTableViewCell.swift */ = {isa = PBXFileReference; lastKnownFileType = sourcecode.swift; path = GateTableViewCell.swift; sourceTree = "<group>"; };
		0F107A5622838228000B4024 /* NameDlgViewController.swift */ = {isa = PBXFileReference; lastKnownFileType = sourcecode.swift; path = NameDlgViewController.swift; sourceTree = "<group>"; };
		0F2AE75C2281F17700EBD4D7 /* IntercomClientOpenDoor.app */ = {isa = PBXFileReference; explicitFileType = wrapper.application; includeInIndex = 0; path = IntercomClientOpenDoor.app; sourceTree = BUILT_PRODUCTS_DIR; };
		0F2AE75F2281F17700EBD4D7 /* AppDelegate.swift */ = {isa = PBXFileReference; lastKnownFileType = sourcecode.swift; path = AppDelegate.swift; sourceTree = "<group>"; };
		0F2AE7612281F17700EBD4D7 /* MainViewController.swift */ = {isa = PBXFileReference; lastKnownFileType = sourcecode.swift; path = MainViewController.swift; sourceTree = "<group>"; };
		0F2AE7642281F17700EBD4D7 /* Base */ = {isa = PBXFileReference; lastKnownFileType = file.storyboard; name = Base; path = Base.lproj/Main.storyboard; sourceTree = "<group>"; };
		0F2AE7662281F17900EBD4D7 /* Assets.xcassets */ = {isa = PBXFileReference; lastKnownFileType = folder.assetcatalog; path = Assets.xcassets; sourceTree = "<group>"; };
		0F2AE7692281F17900EBD4D7 /* Base */ = {isa = PBXFileReference; lastKnownFileType = file.storyboard; name = Base; path = Base.lproj/LaunchScreen.storyboard; sourceTree = "<group>"; };
		0F2AE76B2281F17900EBD4D7 /* Info.plist */ = {isa = PBXFileReference; lastKnownFileType = text.plist.xml; path = Info.plist; sourceTree = "<group>"; };
		0F2AE7702281F17900EBD4D7 /* IntercomClientOpenDoorTests.xctest */ = {isa = PBXFileReference; explicitFileType = wrapper.cfbundle; includeInIndex = 0; path = IntercomClientOpenDoorTests.xctest; sourceTree = BUILT_PRODUCTS_DIR; };
		0F2AE7742281F17900EBD4D7 /* IntercomClientOpenDoorTests.swift */ = {isa = PBXFileReference; lastKnownFileType = sourcecode.swift; path = IntercomClientOpenDoorTests.swift; sourceTree = "<group>"; };
		0F2AE7762281F17900EBD4D7 /* Info.plist */ = {isa = PBXFileReference; lastKnownFileType = text.plist.xml; path = Info.plist; sourceTree = "<group>"; };
		0F2AE77B2281F17900EBD4D7 /* IntercomClientOpenDoorUITests.xctest */ = {isa = PBXFileReference; explicitFileType = wrapper.cfbundle; includeInIndex = 0; path = IntercomClientOpenDoorUITests.xctest; sourceTree = BUILT_PRODUCTS_DIR; };
		0F2AE77F2281F17900EBD4D7 /* IntercomClientOpenDoorUITests.swift */ = {isa = PBXFileReference; lastKnownFileType = sourcecode.swift; path = IntercomClientOpenDoorUITests.swift; sourceTree = "<group>"; };
		0F2AE7812281F17900EBD4D7 /* Info.plist */ = {isa = PBXFileReference; lastKnownFileType = text.plist.xml; path = Info.plist; sourceTree = "<group>"; };
		0F2AE791228204C300EBD4D7 /* en */ = {isa = PBXFileReference; lastKnownFileType = text.plist.strings; name = en; path = en.lproj/Localizable.strings; sourceTree = "<group>"; };
		0F2AE7942282119C00EBD4D7 /* DeviceListViewController.swift */ = {isa = PBXFileReference; lastKnownFileType = sourcecode.swift; path = DeviceListViewController.swift; sourceTree = "<group>"; };
		0F2AE79722822CD200EBD4D7 /* PeripheralTableViewCell.swift */ = {isa = PBXFileReference; lastKnownFileType = sourcecode.swift; path = PeripheralTableViewCell.swift; sourceTree = "<group>"; };
		0F43278322845B0C007C7B65 /* PasswordDlgViewController.swift */ = {isa = PBXFileReference; lastKnownFileType = sourcecode.swift; path = PasswordDlgViewController.swift; sourceTree = "<group>"; };
		0F43278522845FEC007C7B65 /* PasswordInitViewController.swift */ = {isa = PBXFileReference; lastKnownFileType = sourcecode.swift; path = PasswordInitViewController.swift; sourceTree = "<group>"; };
		0F43278822846622007C7B65 /* AlertHelper.swift */ = {isa = PBXFileReference; lastKnownFileType = sourcecode.swift; path = AlertHelper.swift; sourceTree = "<group>"; };
		0F43278C2284928D007C7B65 /* RingPlayer.swift */ = {isa = PBXFileReference; lastKnownFileType = sourcecode.swift; path = RingPlayer.swift; sourceTree = "<group>"; };
		0F43279222849A03007C7B65 /* door_open_ru.m4a */ = {isa = PBXFileReference; lastKnownFileType = file; path = door_open_ru.m4a; sourceTree = "<group>"; };
		0F43279322849A04007C7B65 /* door_open_en.mp3 */ = {isa = PBXFileReference; lastKnownFileType = audio.mp3; path = door_open_en.mp3; sourceTree = "<group>"; };
		0F43279422849A04007C7B65 /* wrong_code.mp3 */ = {isa = PBXFileReference; lastKnownFileType = audio.mp3; path = wrong_code.mp3; sourceTree = "<group>"; };
		0F43279522849A04007C7B65 /* door_open_heb.mp3 */ = {isa = PBXFileReference; lastKnownFileType = audio.mp3; path = door_open_heb.mp3; sourceTree = "<group>"; };
		0F43279622849A04007C7B65 /* door_open.mp3 */ = {isa = PBXFileReference; lastKnownFileType = audio.mp3; path = door_open.mp3; sourceTree = "<group>"; };
		0F43279722849A04007C7B65 /* ring.mp3 */ = {isa = PBXFileReference; lastKnownFileType = audio.mp3; path = ring.mp3; sourceTree = "<group>"; };
		0F70A3FF2282C2960045F897 /* Gate.swift */ = {isa = PBXFileReference; lastKnownFileType = sourcecode.swift; path = Gate.swift; sourceTree = "<group>"; };
		0F70A4022282CFF70045F897 /* LocalData.swift */ = {isa = PBXFileReference; lastKnownFileType = sourcecode.swift; path = LocalData.swift; sourceTree = "<group>"; };
		0FCD537E22871D7E00D1B416 /* he */ = {isa = PBXFileReference; lastKnownFileType = text.plist.strings; name = he; path = he.lproj/Localizable.strings; sourceTree = "<group>"; };
		6E8B5E7D4C419809BFFBD282 /* Pods-IntercomClientOpenDoor.release.xcconfig */ = {isa = PBXFileReference; includeInIndex = 1; lastKnownFileType = text.xcconfig; name = "Pods-IntercomClientOpenDoor.release.xcconfig"; path = "Target Support Files/Pods-IntercomClientOpenDoor/Pods-IntercomClientOpenDoor.release.xcconfig"; sourceTree = "<group>"; };
		BA103717D64AA7F37A327855 /* Pods_IntercomClientOpenDoor.framework */ = {isa = PBXFileReference; explicitFileType = wrapper.framework; includeInIndex = 0; path = Pods_IntercomClientOpenDoor.framework; sourceTree = BUILT_PRODUCTS_DIR; };
		FBFD5D700F02BE1383591980 /* Pods-IntercomClientOpenDoor.debug.xcconfig */ = {isa = PBXFileReference; includeInIndex = 1; lastKnownFileType = text.xcconfig; name = "Pods-IntercomClientOpenDoor.debug.xcconfig"; path = "Target Support Files/Pods-IntercomClientOpenDoor/Pods-IntercomClientOpenDoor.debug.xcconfig"; sourceTree = "<group>"; };
/* End PBXFileReference section */

/* Begin PBXFrameworksBuildPhase section */
		0F2AE7592281F17700EBD4D7 /* Frameworks */ = {
			isa = PBXFrameworksBuildPhase;
			buildActionMask = 2147483647;
			files = (
				2EA09D37FB6A5EC707B017D8 /* Pods_IntercomClientOpenDoor.framework in Frameworks */,
			);
			runOnlyForDeploymentPostprocessing = 0;
		};
		0F2AE76D2281F17900EBD4D7 /* Frameworks */ = {
			isa = PBXFrameworksBuildPhase;
			buildActionMask = 2147483647;
			files = (
			);
			runOnlyForDeploymentPostprocessing = 0;
		};
		0F2AE7782281F17900EBD4D7 /* Frameworks */ = {
			isa = PBXFrameworksBuildPhase;
			buildActionMask = 2147483647;
			files = (
			);
			runOnlyForDeploymentPostprocessing = 0;
		};
/* End PBXFrameworksBuildPhase section */

/* Begin PBXGroup section */
		0F2AE7532281F17600EBD4D7 = {
			isa = PBXGroup;
			children = (
				0F43279E22849A0B007C7B65 /* Sounds */,
				0F2AE792228204C300EBD4D7 /* Localizable.strings */,
				0F2AE75E2281F17700EBD4D7 /* IntercomClientOpenDoor */,
				0F2AE7732281F17900EBD4D7 /* IntercomClientOpenDoorTests */,
				0F2AE77E2281F17900EBD4D7 /* IntercomClientOpenDoorUITests */,
				0F2AE75D2281F17700EBD4D7 /* Products */,
				66D813CEECB4B58F829232FC /* Pods */,
				82FE71B475270773B2E1E95A /* Frameworks */,
			);
			sourceTree = "<group>";
		};
		0F2AE75D2281F17700EBD4D7 /* Products */ = {
			isa = PBXGroup;
			children = (
				0F2AE75C2281F17700EBD4D7 /* IntercomClientOpenDoor.app */,
				0F2AE7702281F17900EBD4D7 /* IntercomClientOpenDoorTests.xctest */,
				0F2AE77B2281F17900EBD4D7 /* IntercomClientOpenDoorUITests.xctest */,
			);
			name = Products;
			sourceTree = "<group>";
		};
		0F2AE75E2281F17700EBD4D7 /* IntercomClientOpenDoor */ = {
			isa = PBXGroup;
			children = (
				0F70A4012282CFE60045F897 /* Helpers */,
				0F70A3FE2282C2820045F897 /* Models */,
				0F2AE79622822CA500EBD4D7 /* Cells */,
				0F2AE78D2281F1A100EBD4D7 /* ViewControllers */,
				0F2AE75F2281F17700EBD4D7 /* AppDelegate.swift */,
				0F2AE7632281F17700EBD4D7 /* Main.storyboard */,
				0F2AE7662281F17900EBD4D7 /* Assets.xcassets */,
				0F2AE7682281F17900EBD4D7 /* LaunchScreen.storyboard */,
				0F2AE76B2281F17900EBD4D7 /* Info.plist */,
			);
			path = IntercomClientOpenDoor;
			sourceTree = "<group>";
		};
		0F2AE7732281F17900EBD4D7 /* IntercomClientOpenDoorTests */ = {
			isa = PBXGroup;
			children = (
				0F2AE7742281F17900EBD4D7 /* IntercomClientOpenDoorTests.swift */,
				0F2AE7762281F17900EBD4D7 /* Info.plist */,
			);
			path = IntercomClientOpenDoorTests;
			sourceTree = "<group>";
		};
		0F2AE77E2281F17900EBD4D7 /* IntercomClientOpenDoorUITests */ = {
			isa = PBXGroup;
			children = (
				0F2AE77F2281F17900EBD4D7 /* IntercomClientOpenDoorUITests.swift */,
				0F2AE7812281F17900EBD4D7 /* Info.plist */,
			);
			path = IntercomClientOpenDoorUITests;
			sourceTree = "<group>";
		};
		0F2AE78D2281F1A100EBD4D7 /* ViewControllers */ = {
			isa = PBXGroup;
			children = (
				0F2AE7612281F17700EBD4D7 /* MainViewController.swift */,
				0F2AE7942282119C00EBD4D7 /* DeviceListViewController.swift */,
				0F107A5622838228000B4024 /* NameDlgViewController.swift */,
				0F43278322845B0C007C7B65 /* PasswordDlgViewController.swift */,
				0F43278522845FEC007C7B65 /* PasswordInitViewController.swift */,
				0F0DEB05228555E500EF047D /* MenuDlgViewController.swift */,
			);
			path = ViewControllers;
			sourceTree = "<group>";
		};
		0F2AE79622822CA500EBD4D7 /* Cells */ = {
			isa = PBXGroup;
			children = (
				0F2AE79722822CD200EBD4D7 /* PeripheralTableViewCell.swift */,
				0F107A5422836BF0000B4024 /* GateTableViewCell.swift */,
			);
			path = Cells;
			sourceTree = "<group>";
		};
		0F43279E22849A0B007C7B65 /* Sounds */ = {
			isa = PBXGroup;
			children = (
				0F43279322849A04007C7B65 /* door_open_en.mp3 */,
				0F43279522849A04007C7B65 /* door_open_heb.mp3 */,
				0F43279222849A03007C7B65 /* door_open_ru.m4a */,
				0F43279622849A04007C7B65 /* door_open.mp3 */,
				0F43279722849A04007C7B65 /* ring.mp3 */,
				0F43279422849A04007C7B65 /* wrong_code.mp3 */,
			);
			path = Sounds;
			sourceTree = "<group>";
		};
		0F70A3FE2282C2820045F897 /* Models */ = {
			isa = PBXGroup;
			children = (
				0F70A3FF2282C2960045F897 /* Gate.swift */,
			);
			path = Models;
			sourceTree = "<group>";
		};
		0F70A4012282CFE60045F897 /* Helpers */ = {
			isa = PBXGroup;
			children = (
				0F70A4022282CFF70045F897 /* LocalData.swift */,
				0F43278822846622007C7B65 /* AlertHelper.swift */,
				0F43278C2284928D007C7B65 /* RingPlayer.swift */,
			);
			path = Helpers;
			sourceTree = "<group>";
		};
		66D813CEECB4B58F829232FC /* Pods */ = {
			isa = PBXGroup;
			children = (
				FBFD5D700F02BE1383591980 /* Pods-IntercomClientOpenDoor.debug.xcconfig */,
				6E8B5E7D4C419809BFFBD282 /* Pods-IntercomClientOpenDoor.release.xcconfig */,
			);
			path = Pods;
			sourceTree = "<group>";
		};
		82FE71B475270773B2E1E95A /* Frameworks */ = {
			isa = PBXGroup;
			children = (
				BA103717D64AA7F37A327855 /* Pods_IntercomClientOpenDoor.framework */,
			);
			name = Frameworks;
			sourceTree = "<group>";
		};
/* End PBXGroup section */

/* Begin PBXNativeTarget section */
		0F2AE75B2281F17700EBD4D7 /* IntercomClientOpenDoor */ = {
			isa = PBXNativeTarget;
			buildConfigurationList = 0F2AE7842281F17900EBD4D7 /* Build configuration list for PBXNativeTarget "IntercomClientOpenDoor" */;
			buildPhases = (
				EB9E3F2ADEB131B6A40548E8 /* [CP] Check Pods Manifest.lock */,
				0F2AE7582281F17700EBD4D7 /* Sources */,
				0F2AE7592281F17700EBD4D7 /* Frameworks */,
				0F2AE75A2281F17700EBD4D7 /* Resources */,
				921C0DA97BAC8FF4369B838D /* [CP] Embed Pods Frameworks */,
			);
			buildRules = (
			);
			dependencies = (
			);
			name = IntercomClientOpenDoor;
			productName = IntercomClientOpenDoor;
			productReference = 0F2AE75C2281F17700EBD4D7 /* IntercomClientOpenDoor.app */;
			productType = "com.apple.product-type.application";
		};
		0F2AE76F2281F17900EBD4D7 /* IntercomClientOpenDoorTests */ = {
			isa = PBXNativeTarget;
			buildConfigurationList = 0F2AE7872281F17900EBD4D7 /* Build configuration list for PBXNativeTarget "IntercomClientOpenDoorTests" */;
			buildPhases = (
				0F2AE76C2281F17900EBD4D7 /* Sources */,
				0F2AE76D2281F17900EBD4D7 /* Frameworks */,
				0F2AE76E2281F17900EBD4D7 /* Resources */,
			);
			buildRules = (
			);
			dependencies = (
				0F2AE7722281F17900EBD4D7 /* PBXTargetDependency */,
			);
			name = IntercomClientOpenDoorTests;
			productName = IntercomClientOpenDoorTests;
			productReference = 0F2AE7702281F17900EBD4D7 /* IntercomClientOpenDoorTests.xctest */;
			productType = "com.apple.product-type.bundle.unit-test";
		};
		0F2AE77A2281F17900EBD4D7 /* IntercomClientOpenDoorUITests */ = {
			isa = PBXNativeTarget;
			buildConfigurationList = 0F2AE78A2281F17900EBD4D7 /* Build configuration list for PBXNativeTarget "IntercomClientOpenDoorUITests" */;
			buildPhases = (
				0F2AE7772281F17900EBD4D7 /* Sources */,
				0F2AE7782281F17900EBD4D7 /* Frameworks */,
				0F2AE7792281F17900EBD4D7 /* Resources */,
			);
			buildRules = (
			);
			dependencies = (
				0F2AE77D2281F17900EBD4D7 /* PBXTargetDependency */,
			);
			name = IntercomClientOpenDoorUITests;
			productName = IntercomClientOpenDoorUITests;
			productReference = 0F2AE77B2281F17900EBD4D7 /* IntercomClientOpenDoorUITests.xctest */;
			productType = "com.apple.product-type.bundle.ui-testing";
		};
/* End PBXNativeTarget section */

/* Begin PBXProject section */
		0F2AE7542281F17600EBD4D7 /* Project object */ = {
			isa = PBXProject;
			attributes = {
				LastSwiftUpdateCheck = 1020;
				LastUpgradeCheck = 1020;
				ORGANIZATIONNAME = newlinks;
				TargetAttributes = {
					0F2AE75B2281F17700EBD4D7 = {
						CreatedOnToolsVersion = 10.2;
						SystemCapabilities = {
							com.apple.BackgroundModes = {
								enabled = 1;
							};
						};
					};
					0F2AE76F2281F17900EBD4D7 = {
						CreatedOnToolsVersion = 10.2;
						TestTargetID = 0F2AE75B2281F17700EBD4D7;
					};
					0F2AE77A2281F17900EBD4D7 = {
						CreatedOnToolsVersion = 10.2;
						TestTargetID = 0F2AE75B2281F17700EBD4D7;
					};
				};
			};
			buildConfigurationList = 0F2AE7572281F17600EBD4D7 /* Build configuration list for PBXProject "IntercomClientOpenDoor" */;
			compatibilityVersion = "Xcode 9.3";
			developmentRegion = en;
			hasScannedForEncodings = 0;
			knownRegions = (
				en,
				Base,
				he,
			);
			mainGroup = 0F2AE7532281F17600EBD4D7;
			productRefGroup = 0F2AE75D2281F17700EBD4D7 /* Products */;
			projectDirPath = "";
			projectRoot = "";
			targets = (
				0F2AE75B2281F17700EBD4D7 /* IntercomClientOpenDoor */,
				0F2AE76F2281F17900EBD4D7 /* IntercomClientOpenDoorTests */,
				0F2AE77A2281F17900EBD4D7 /* IntercomClientOpenDoorUITests */,
			);
		};
/* End PBXProject section */

/* Begin PBXResourcesBuildPhase section */
		0F2AE75A2281F17700EBD4D7 /* Resources */ = {
			isa = PBXResourcesBuildPhase;
			buildActionMask = 2147483647;
			files = (
				0F43279A22849A04007C7B65 /* wrong_code.mp3 in Resources */,
				0F43279822849A04007C7B65 /* door_open_ru.m4a in Resources */,
				0F43279C22849A04007C7B65 /* door_open.mp3 in Resources */,
				0F43279B22849A04007C7B65 /* door_open_heb.mp3 in Resources */,
				0F2AE76A2281F17900EBD4D7 /* LaunchScreen.storyboard in Resources */,
				0F2AE790228204C300EBD4D7 /* Localizable.strings in Resources */,
				0F43279D22849A04007C7B65 /* ring.mp3 in Resources */,
				0F43279922849A04007C7B65 /* door_open_en.mp3 in Resources */,
				0F2AE7672281F17900EBD4D7 /* Assets.xcassets in Resources */,
				0F2AE7652281F17700EBD4D7 /* Main.storyboard in Resources */,
			);
			runOnlyForDeploymentPostprocessing = 0;
		};
		0F2AE76E2281F17900EBD4D7 /* Resources */ = {
			isa = PBXResourcesBuildPhase;
			buildActionMask = 2147483647;
			files = (
			);
			runOnlyForDeploymentPostprocessing = 0;
		};
		0F2AE7792281F17900EBD4D7 /* Resources */ = {
			isa = PBXResourcesBuildPhase;
			buildActionMask = 2147483647;
			files = (
			);
			runOnlyForDeploymentPostprocessing = 0;
		};
/* End PBXResourcesBuildPhase section */

/* Begin PBXShellScriptBuildPhase section */
		921C0DA97BAC8FF4369B838D /* [CP] Embed Pods Frameworks */ = {
			isa = PBXShellScriptBuildPhase;
			buildActionMask = 2147483647;
			files = (
			);
			inputFileListPaths = (
			);
			inputPaths = (
				"${PODS_ROOT}/Target Support Files/Pods-IntercomClientOpenDoor/Pods-IntercomClientOpenDoor-frameworks.sh",
				"${BUILT_PRODUCTS_DIR}/Localize-Swift/Localize_Swift.framework",
				"${BUILT_PRODUCTS_DIR}/SwiftyBluetooth/SwiftyBluetooth.framework",
			);
			name = "[CP] Embed Pods Frameworks";
			outputFileListPaths = (
			);
			outputPaths = (
				"${TARGET_BUILD_DIR}/${FRAMEWORKS_FOLDER_PATH}/Localize_Swift.framework",
				"${TARGET_BUILD_DIR}/${FRAMEWORKS_FOLDER_PATH}/SwiftyBluetooth.framework",
			);
			runOnlyForDeploymentPostprocessing = 0;
			shellPath = /bin/sh;
			shellScript = "\"${PODS_ROOT}/Target Support Files/Pods-IntercomClientOpenDoor/Pods-IntercomClientOpenDoor-frameworks.sh\"\n";
			showEnvVarsInLog = 0;
		};
		EB9E3F2ADEB131B6A40548E8 /* [CP] Check Pods Manifest.lock */ = {
			isa = PBXShellScriptBuildPhase;
			buildActionMask = 2147483647;
			files = (
			);
			inputFileListPaths = (
			);
			inputPaths = (
				"${PODS_PODFILE_DIR_PATH}/Podfile.lock",
				"${PODS_ROOT}/Manifest.lock",
			);
			name = "[CP] Check Pods Manifest.lock";
			outputFileListPaths = (
			);
			outputPaths = (
				"$(DERIVED_FILE_DIR)/Pods-IntercomClientOpenDoor-checkManifestLockResult.txt",
			);
			runOnlyForDeploymentPostprocessing = 0;
			shellPath = /bin/sh;
			shellScript = "diff \"${PODS_PODFILE_DIR_PATH}/Podfile.lock\" \"${PODS_ROOT}/Manifest.lock\" > /dev/null\nif [ $? != 0 ] ; then\n    # print error to STDERR\n    echo \"error: The sandbox is not in sync with the Podfile.lock. Run 'pod install' or update your CocoaPods installation.\" >&2\n    exit 1\nfi\n# This output is used by Xcode 'outputs' to avoid re-running this script phase.\necho \"SUCCESS\" > \"${SCRIPT_OUTPUT_FILE_0}\"\n";
			showEnvVarsInLog = 0;
		};
/* End PBXShellScriptBuildPhase section */

/* Begin PBXSourcesBuildPhase section */
		0F2AE7582281F17700EBD4D7 /* Sources */ = {
			isa = PBXSourcesBuildPhase;
			buildActionMask = 2147483647;
			files = (
				0F2AE7622281F17700EBD4D7 /* MainViewController.swift in Sources */,
				0F43278922846622007C7B65 /* AlertHelper.swift in Sources */,
				0F70A4002282C2960045F897 /* Gate.swift in Sources */,
				0F2AE7602281F17700EBD4D7 /* AppDelegate.swift in Sources */,
				0F70A4032282CFF70045F897 /* LocalData.swift in Sources */,
				0F43278622845FEC007C7B65 /* PasswordInitViewController.swift in Sources */,
				0F2AE7952282119C00EBD4D7 /* DeviceListViewController.swift in Sources */,
				0F107A5722838228000B4024 /* NameDlgViewController.swift in Sources */,
				0F43278D2284928D007C7B65 /* RingPlayer.swift in Sources */,
				0F43278422845B0C007C7B65 /* PasswordDlgViewController.swift in Sources */,
				0F107A5522836BF0000B4024 /* GateTableViewCell.swift in Sources */,
				0F0DEB06228555E500EF047D /* MenuDlgViewController.swift in Sources */,
				0F2AE79822822CD200EBD4D7 /* PeripheralTableViewCell.swift in Sources */,
			);
			runOnlyForDeploymentPostprocessing = 0;
		};
		0F2AE76C2281F17900EBD4D7 /* Sources */ = {
			isa = PBXSourcesBuildPhase;
			buildActionMask = 2147483647;
			files = (
				0F2AE7752281F17900EBD4D7 /* IntercomClientOpenDoorTests.swift in Sources */,
			);
			runOnlyForDeploymentPostprocessing = 0;
		};
		0F2AE7772281F17900EBD4D7 /* Sources */ = {
			isa = PBXSourcesBuildPhase;
			buildActionMask = 2147483647;
			files = (
				0F2AE7802281F17900EBD4D7 /* IntercomClientOpenDoorUITests.swift in Sources */,
			);
			runOnlyForDeploymentPostprocessing = 0;
		};
/* End PBXSourcesBuildPhase section */

/* Begin PBXTargetDependency section */
		0F2AE7722281F17900EBD4D7 /* PBXTargetDependency */ = {
			isa = PBXTargetDependency;
			target = 0F2AE75B2281F17700EBD4D7 /* IntercomClientOpenDoor */;
			targetProxy = 0F2AE7712281F17900EBD4D7 /* PBXContainerItemProxy */;
		};
		0F2AE77D2281F17900EBD4D7 /* PBXTargetDependency */ = {
			isa = PBXTargetDependency;
			target = 0F2AE75B2281F17700EBD4D7 /* IntercomClientOpenDoor */;
			targetProxy = 0F2AE77C2281F17900EBD4D7 /* PBXContainerItemProxy */;
		};
/* End PBXTargetDependency section */

/* Begin PBXVariantGroup section */
		0F2AE7632281F17700EBD4D7 /* Main.storyboard */ = {
			isa = PBXVariantGroup;
			children = (
				0F2AE7642281F17700EBD4D7 /* Base */,
			);
			name = Main.storyboard;
			sourceTree = "<group>";
		};
		0F2AE7682281F17900EBD4D7 /* LaunchScreen.storyboard */ = {
			isa = PBXVariantGroup;
			children = (
				0F2AE7692281F17900EBD4D7 /* Base */,
			);
			name = LaunchScreen.storyboard;
			sourceTree = "<group>";
		};
		0F2AE792228204C300EBD4D7 /* Localizable.strings */ = {
			isa = PBXVariantGroup;
			children = (
				0F2AE791228204C300EBD4D7 /* en */,
				0FCD537E22871D7E00D1B416 /* he */,
			);
			name = Localizable.strings;
			path = translate;
			sourceTree = "<group>";
		};
/* End PBXVariantGroup section */

/* Begin XCBuildConfiguration section */
		0F2AE7822281F17900EBD4D7 /* Debug */ = {
			isa = XCBuildConfiguration;
			buildSettings = {
				ALWAYS_SEARCH_USER_PATHS = NO;
				CLANG_ANALYZER_LOCALIZABILITY_NONLOCALIZED = YES;
				CLANG_ANALYZER_NONNULL = YES;
				CLANG_ANALYZER_NUMBER_OBJECT_CONVERSION = YES_AGGRESSIVE;
				CLANG_CXX_LANGUAGE_STANDARD = "gnu++14";
				CLANG_CXX_LIBRARY = "libc++";
				CLANG_ENABLE_MODULES = YES;
				CLANG_ENABLE_OBJC_ARC = YES;
				CLANG_ENABLE_OBJC_WEAK = YES;
				CLANG_WARN_BLOCK_CAPTURE_AUTORELEASING = YES;
				CLANG_WARN_BOOL_CONVERSION = YES;
				CLANG_WARN_COMMA = YES;
				CLANG_WARN_CONSTANT_CONVERSION = YES;
				CLANG_WARN_DEPRECATED_OBJC_IMPLEMENTATIONS = YES;
				CLANG_WARN_DIRECT_OBJC_ISA_USAGE = YES_ERROR;
				CLANG_WARN_DOCUMENTATION_COMMENTS = YES;
				CLANG_WARN_EMPTY_BODY = YES;
				CLANG_WARN_ENUM_CONVERSION = YES;
				CLANG_WARN_INFINITE_RECURSION = YES;
				CLANG_WARN_INT_CONVERSION = YES;
				CLANG_WARN_NON_LITERAL_NULL_CONVERSION = YES;
				CLANG_WARN_OBJC_IMPLICIT_RETAIN_SELF = YES;
				CLANG_WARN_OBJC_LITERAL_CONVERSION = YES;
				CLANG_WARN_OBJC_ROOT_CLASS = YES_ERROR;
				CLANG_WARN_RANGE_LOOP_ANALYSIS = YES;
				CLANG_WARN_STRICT_PROTOTYPES = YES;
				CLANG_WARN_SUSPICIOUS_MOVE = YES;
				CLANG_WARN_UNGUARDED_AVAILABILITY = YES_AGGRESSIVE;
				CLANG_WARN_UNREACHABLE_CODE = YES;
				CLANG_WARN__DUPLICATE_METHOD_MATCH = YES;
				CODE_SIGN_IDENTITY = "iPhone Developer";
				COPY_PHASE_STRIP = NO;
				DEBUG_INFORMATION_FORMAT = dwarf;
				ENABLE_STRICT_OBJC_MSGSEND = YES;
				ENABLE_TESTABILITY = YES;
				GCC_C_LANGUAGE_STANDARD = gnu11;
				GCC_DYNAMIC_NO_PIC = NO;
				GCC_NO_COMMON_BLOCKS = YES;
				GCC_OPTIMIZATION_LEVEL = 0;
				GCC_PREPROCESSOR_DEFINITIONS = (
					"DEBUG=1",
					"$(inherited)",
				);
				GCC_WARN_64_TO_32_BIT_CONVERSION = YES;
				GCC_WARN_ABOUT_RETURN_TYPE = YES_ERROR;
				GCC_WARN_UNDECLARED_SELECTOR = YES;
				GCC_WARN_UNINITIALIZED_AUTOS = YES_AGGRESSIVE;
				GCC_WARN_UNUSED_FUNCTION = YES;
				GCC_WARN_UNUSED_VARIABLE = YES;
				IPHONEOS_DEPLOYMENT_TARGET = 11.3;
				MTL_ENABLE_DEBUG_INFO = INCLUDE_SOURCE;
				MTL_FAST_MATH = YES;
				ONLY_ACTIVE_ARCH = YES;
				SDKROOT = iphoneos;
				SWIFT_ACTIVE_COMPILATION_CONDITIONS = DEBUG;
				SWIFT_OPTIMIZATION_LEVEL = "-Onone";
			};
			name = Debug;
		};
		0F2AE7832281F17900EBD4D7 /* Release */ = {
			isa = XCBuildConfiguration;
			buildSettings = {
				ALWAYS_SEARCH_USER_PATHS = NO;
				CLANG_ANALYZER_LOCALIZABILITY_NONLOCALIZED = YES;
				CLANG_ANALYZER_NONNULL = YES;
				CLANG_ANALYZER_NUMBER_OBJECT_CONVERSION = YES_AGGRESSIVE;
				CLANG_CXX_LANGUAGE_STANDARD = "gnu++14";
				CLANG_CXX_LIBRARY = "libc++";
				CLANG_ENABLE_MODULES = YES;
				CLANG_ENABLE_OBJC_ARC = YES;
				CLANG_ENABLE_OBJC_WEAK = YES;
				CLANG_WARN_BLOCK_CAPTURE_AUTORELEASING = YES;
				CLANG_WARN_BOOL_CONVERSION = YES;
				CLANG_WARN_COMMA = YES;
				CLANG_WARN_CONSTANT_CONVERSION = YES;
				CLANG_WARN_DEPRECATED_OBJC_IMPLEMENTATIONS = YES;
				CLANG_WARN_DIRECT_OBJC_ISA_USAGE = YES_ERROR;
				CLANG_WARN_DOCUMENTATION_COMMENTS = YES;
				CLANG_WARN_EMPTY_BODY = YES;
				CLANG_WARN_ENUM_CONVERSION = YES;
				CLANG_WARN_INFINITE_RECURSION = YES;
				CLANG_WARN_INT_CONVERSION = YES;
				CLANG_WARN_NON_LITERAL_NULL_CONVERSION = YES;
				CLANG_WARN_OBJC_IMPLICIT_RETAIN_SELF = YES;
				CLANG_WARN_OBJC_LITERAL_CONVERSION = YES;
				CLANG_WARN_OBJC_ROOT_CLASS = YES_ERROR;
				CLANG_WARN_RANGE_LOOP_ANALYSIS = YES;
				CLANG_WARN_STRICT_PROTOTYPES = YES;
				CLANG_WARN_SUSPICIOUS_MOVE = YES;
				CLANG_WARN_UNGUARDED_AVAILABILITY = YES_AGGRESSIVE;
				CLANG_WARN_UNREACHABLE_CODE = YES;
				CLANG_WARN__DUPLICATE_METHOD_MATCH = YES;
				CODE_SIGN_IDENTITY = "iPhone Developer";
				COPY_PHASE_STRIP = NO;
				DEBUG_INFORMATION_FORMAT = "dwarf-with-dsym";
				ENABLE_NS_ASSERTIONS = NO;
				ENABLE_STRICT_OBJC_MSGSEND = YES;
				GCC_C_LANGUAGE_STANDARD = gnu11;
				GCC_NO_COMMON_BLOCKS = YES;
				GCC_WARN_64_TO_32_BIT_CONVERSION = YES;
				GCC_WARN_ABOUT_RETURN_TYPE = YES_ERROR;
				GCC_WARN_UNDECLARED_SELECTOR = YES;
				GCC_WARN_UNINITIALIZED_AUTOS = YES_AGGRESSIVE;
				GCC_WARN_UNUSED_FUNCTION = YES;
				GCC_WARN_UNUSED_VARIABLE = YES;
				IPHONEOS_DEPLOYMENT_TARGET = 11.3;
				MTL_ENABLE_DEBUG_INFO = NO;
				MTL_FAST_MATH = YES;
				SDKROOT = iphoneos;
				SWIFT_COMPILATION_MODE = wholemodule;
				SWIFT_OPTIMIZATION_LEVEL = "-O";
				VALIDATE_PRODUCT = YES;
			};
			name = Release;
		};
		0F2AE7852281F17900EBD4D7 /* Debug */ = {
			isa = XCBuildConfiguration;
			baseConfigurationReference = FBFD5D700F02BE1383591980 /* Pods-IntercomClientOpenDoor.debug.xcconfig */;
			buildSettings = {
				ASSETCATALOG_COMPILER_APPICON_NAME = AppIcon;
				CODE_SIGN_IDENTITY = "iPhone Developer";
				CODE_SIGN_STYLE = Automatic;
				DEVELOPMENT_TEAM = 47A3W62M33;
				INFOPLIST_FILE = IntercomClientOpenDoor/Info.plist;
				IPHONEOS_DEPLOYMENT_TARGET = 11.3;
				LD_RUNPATH_SEARCH_PATHS = (
					"$(inherited)",
					"@executable_path/Frameworks",
				);
				PRODUCT_BUNDLE_IDENTIFIER = com.newlinks.easyblue;
				PRODUCT_NAME = "$(TARGET_NAME)";
				PROVISIONING_PROFILE_SPECIFIER = "";
				SWIFT_VERSION = 4.2;
				TARGETED_DEVICE_FAMILY = "1,2";
			};
			name = Debug;
		};
		0F2AE7862281F17900EBD4D7 /* Release */ = {
			isa = XCBuildConfiguration;
			baseConfigurationReference = 6E8B5E7D4C419809BFFBD282 /* Pods-IntercomClientOpenDoor.release.xcconfig */;
			buildSettings = {
				ASSETCATALOG_COMPILER_APPICON_NAME = AppIcon;
				CODE_SIGN_IDENTITY = "iPhone Developer";
				CODE_SIGN_STYLE = Automatic;
				DEVELOPMENT_TEAM = 47A3W62M33;
				INFOPLIST_FILE = IntercomClientOpenDoor/Info.plist;
				IPHONEOS_DEPLOYMENT_TARGET = 11.3;
				LD_RUNPATH_SEARCH_PATHS = (
					"$(inherited)",
					"@executable_path/Frameworks",
				);
				PRODUCT_BUNDLE_IDENTIFIER = com.newlinks.easyblue;
				PRODUCT_NAME = "$(TARGET_NAME)";
				PROVISIONING_PROFILE_SPECIFIER = "";
				SWIFT_VERSION = 4.2;
				TARGETED_DEVICE_FAMILY = "1,2";
			};
			name = Release;
		};
		0F2AE7882281F17900EBD4D7 /* Debug */ = {
			isa = XCBuildConfiguration;
			buildSettings = {
				ALWAYS_EMBED_SWIFT_STANDARD_LIBRARIES = YES;
				BUNDLE_LOADER = "$(TEST_HOST)";
				CODE_SIGN_STYLE = Automatic;
				INFOPLIST_FILE = IntercomClientOpenDoorTests/Info.plist;
				LD_RUNPATH_SEARCH_PATHS = (
					"$(inherited)",
					"@executable_path/Frameworks",
					"@loader_path/Frameworks",
				);
				PRODUCT_BUNDLE_IDENTIFIER = com.newlinks.IntercomClientOpenDoorTests;
				PRODUCT_NAME = "$(TARGET_NAME)";
				SWIFT_VERSION = 5.0;
				TARGETED_DEVICE_FAMILY = "1,2";
				TEST_HOST = "$(BUILT_PRODUCTS_DIR)/IntercomClientOpenDoor.app/IntercomClientOpenDoor";
			};
			name = Debug;
		};
		0F2AE7892281F17900EBD4D7 /* Release */ = {
			isa = XCBuildConfiguration;
			buildSettings = {
				ALWAYS_EMBED_SWIFT_STANDARD_LIBRARIES = YES;
				BUNDLE_LOADER = "$(TEST_HOST)";
				CODE_SIGN_STYLE = Automatic;
				INFOPLIST_FILE = IntercomClientOpenDoorTests/Info.plist;
				LD_RUNPATH_SEARCH_PATHS = (
					"$(inherited)",
					"@executable_path/Frameworks",
					"@loader_path/Frameworks",
				);
				PRODUCT_BUNDLE_IDENTIFIER = com.newlinks.IntercomClientOpenDoorTests;
				PRODUCT_NAME = "$(TARGET_NAME)";
				SWIFT_VERSION = 5.0;
				TARGETED_DEVICE_FAMILY = "1,2";
				TEST_HOST = "$(BUILT_PRODUCTS_DIR)/IntercomClientOpenDoor.app/IntercomClientOpenDoor";
			};
			name = Release;
		};
		0F2AE78B2281F17900EBD4D7 /* Debug */ = {
			isa = XCBuildConfiguration;
			buildSettings = {
				ALWAYS_EMBED_SWIFT_STANDARD_LIBRARIES = YES;
				CODE_SIGN_STYLE = Automatic;
				INFOPLIST_FILE = IntercomClientOpenDoorUITests/Info.plist;
				LD_RUNPATH_SEARCH_PATHS = (
					"$(inherited)",
					"@executable_path/Frameworks",
					"@loader_path/Frameworks",
				);
				PRODUCT_BUNDLE_IDENTIFIER = com.newlinks.IntercomClientOpenDoorUITests;
				PRODUCT_NAME = "$(TARGET_NAME)";
				SWIFT_VERSION = 5.0;
				TARGETED_DEVICE_FAMILY = "1,2";
				TEST_TARGET_NAME = IntercomClientOpenDoor;
			};
			name = Debug;
		};
		0F2AE78C2281F17900EBD4D7 /* Release */ = {
			isa = XCBuildConfiguration;
			buildSettings = {
				ALWAYS_EMBED_SWIFT_STANDARD_LIBRARIES = YES;
				CODE_SIGN_STYLE = Automatic;
				INFOPLIST_FILE = IntercomClientOpenDoorUITests/Info.plist;
				LD_RUNPATH_SEARCH_PATHS = (
					"$(inherited)",
					"@executable_path/Frameworks",
					"@loader_path/Frameworks",
				);
				PRODUCT_BUNDLE_IDENTIFIER = com.newlinks.IntercomClientOpenDoorUITests;
				PRODUCT_NAME = "$(TARGET_NAME)";
				SWIFT_VERSION = 5.0;
				TARGETED_DEVICE_FAMILY = "1,2";
				TEST_TARGET_NAME = IntercomClientOpenDoor;
			};
			name = Release;
		};
/* End XCBuildConfiguration section */

/* Begin XCConfigurationList section */
		0F2AE7572281F17600EBD4D7 /* Build configuration list for PBXProject "IntercomClientOpenDoor" */ = {
			isa = XCConfigurationList;
			buildConfigurations = (
				0F2AE7822281F17900EBD4D7 /* Debug */,
				0F2AE7832281F17900EBD4D7 /* Release */,
			);
			defaultConfigurationIsVisible = 0;
			defaultConfigurationName = Release;
		};
		0F2AE7842281F17900EBD4D7 /* Build configuration list for PBXNativeTarget "IntercomClientOpenDoor" */ = {
			isa = XCConfigurationList;
			buildConfigurations = (
				0F2AE7852281F17900EBD4D7 /* Debug */,
				0F2AE7862281F17900EBD4D7 /* Release */,
			);
			defaultConfigurationIsVisible = 0;
			defaultConfigurationName = Release;
		};
		0F2AE7872281F17900EBD4D7 /* Build configuration list for PBXNativeTarget "IntercomClientOpenDoorTests" */ = {
			isa = XCConfigurationList;
			buildConfigurations = (
				0F2AE7882281F17900EBD4D7 /* Debug */,
				0F2AE7892281F17900EBD4D7 /* Release */,
			);
			defaultConfigurationIsVisible = 0;
			defaultConfigurationName = Release;
		};
		0F2AE78A2281F17900EBD4D7 /* Build configuration list for PBXNativeTarget "IntercomClientOpenDoorUITests" */ = {
			isa = XCConfigurationList;
			buildConfigurations = (
				0F2AE78B2281F17900EBD4D7 /* Debug */,
				0F2AE78C2281F17900EBD4D7 /* Release */,
			);
			defaultConfigurationIsVisible = 0;
			defaultConfigurationName = Release;
		};
/* End XCConfigurationList section */
	};
	rootObject = 0F2AE7542281F17600EBD4D7 /* Project object */;
}
