PODS:
  - Localize-Swift (2.0.0)
  - SwiftyBluetooth (1.0.0)

DEPENDENCIES:
  - Localize-Swift (~> 2.0)
  - SwiftyBluetooth

SPEC REPOS:
  https://github.com/cocoapods/specs.git:
    - Localize-Swift
    - SwiftyBluetooth

SPEC CHECKSUMS:
  Localize-Swift: c798ec9286494866f7068f85f7c71283ac5bdab4
  SwiftyBluetooth: 9e26b1367f56aa60f35713f6d968382144bccfd5

PODFILE CHECKSUM: 20db8800f9093a71fd2c9512f9a4c9f7db7794d4

COCOAPODS: 1.6.1
